
Microsoft Visual Studio Solution File, Format Version 12.00
# Visual Studio Version 16
VisualStudioVersion = 16.0.30330.147
MinimumVisualStudioVersion = 10.0.40219.1
Project("{FAE04EC0-301F-11D3-BF4B-00C04F79EFBC}") = "SC.DataProvider", "SC.DataProvider\SC.DataProvider.csproj", "{77A6F2F9-7901-4B46-BD41-1859B4A16C60}"
EndProject
Project("{2150E333-8FDC-42A3-9474-1A3956D46DE8}") = "02_DataAccess", "02_DataAccess", "{080C93C2-CEF7-4075-885C-DC41F763A987}"
EndProject
Project("{2150E333-8FDC-42A3-9474-1A3956D46DE8}") = "01_Shared", "01_Shared", "{40309798-3607-4BB4-8F7A-8F7753F5B39F}"
EndProject
Project("{FAE04EC0-301F-11D3-BF4B-00C04F79EFBC}") = "SC.Models", "SC.Models\SC.Models.csproj", "{B3475AD5-C04E-40DE-A26C-606BE5C591BA}"
EndProject
Project("{FAE04EC0-301F-11D3-BF4B-00C04F79EFBC}") = "SC.Utilities", "SC.Utilities\SC.Utilities.csproj", "{F6416910-26AA-432B-A97C-5B7EA7AD2687}"
EndProject
Project("{FAE04EC0-301F-11D3-BF4B-00C04F79EFBC}") = "SC.Interfaces", "SC.Interfaces\SC.Interfaces.csproj", "{7ECE63DE-719C-4052-96D7-A4E7A4862B5C}"
EndProject
Project("{2150E333-8FDC-42A3-9474-1A3956D46DE8}") = "03_Api", "03_Api", "{C465C493-A6D5-4676-936E-9E37D0234C58}"
EndProject
Project("{2150E333-8FDC-42A3-9474-1A3956D46DE8}") = "04_Apps", "04_Apps", "{AC3F214C-0814-487C-9229-973BF6192434}"
EndProject
Project("{2150E333-8FDC-42A3-9474-1A3956D46DE8}") = "UnitTests", "UnitTests", "{5ED70EDA-47BC-4689-B509-173F290ACE9E}"
EndProject
Project("{FAE04EC0-301F-11D3-BF4B-00C04F79EFBC}") = "SC.SampleConsole", "SC.SampleConsole\SC.SampleConsole.csproj", "{D19629D8-40CC-4811-93E2-6FD55EDCEC7F}"
EndProject
Project("{FAE04EC0-301F-11D3-BF4B-00C04F79EFBC}") = "SC.Api.Tests", "SC.Api.Tests\SC.Api.Tests.csproj", "{548BFA87-7D1A-4EB9-91E1-836B651407C4}"
EndProject
Project("{FAE04EC0-301F-11D3-BF4B-00C04F79EFBC}") = "SC.Api", "SC.Api\SC.Api.csproj", "{FFF4EFEC-2F57-4EC0-BC43-96217359CF3A}"
EndProject
Project("{2150E333-8FDC-42A3-9474-1A3956D46DE8}") = "00_Database", "00_Database", "{91260175-DA85-4EB1-9046-6698EA0C17CA}"
	ProjectSection(SolutionItems) = preProject
		DatabaseModel.sql = DatabaseModel.sql
	EndProjectSection
EndProject
Global
	GlobalSection(SolutionConfigurationPlatforms) = preSolution
		Debug|Any CPU = Debug|Any CPU
		Release|Any CPU = Release|Any CPU
	EndGlobalSection
	GlobalSection(ProjectConfigurationPlatforms) = postSolution
		{77A6F2F9-7901-4B46-BD41-1859B4A16C60}.Debug|Any CPU.ActiveCfg = Debug|Any CPU
		{77A6F2F9-7901-4B46-BD41-1859B4A16C60}.Debug|Any CPU.Build.0 = Debug|Any CPU
		{77A6F2F9-7901-4B46-BD41-1859B4A16C60}.Release|Any CPU.ActiveCfg = Release|Any CPU
		{77A6F2F9-7901-4B46-BD41-1859B4A16C60}.Release|Any CPU.Build.0 = Release|Any CPU
		{B3475AD5-C04E-40DE-A26C-606BE5C591BA}.Debug|Any CPU.ActiveCfg = Debug|Any CPU
		{B3475AD5-C04E-40DE-A26C-606BE5C591BA}.Debug|Any CPU.Build.0 = Debug|Any CPU
		{B3475AD5-C04E-40DE-A26C-606BE5C591BA}.Release|Any CPU.ActiveCfg = Release|Any CPU
		{B3475AD5-C04E-40DE-A26C-606BE5C591BA}.Release|Any CPU.Build.0 = Release|Any CPU
		{F6416910-26AA-432B-A97C-5B7EA7AD2687}.Debug|Any CPU.ActiveCfg = Debug|Any CPU
		{F6416910-26AA-432B-A97C-5B7EA7AD2687}.Debug|Any CPU.Build.0 = Debug|Any CPU
		{F6416910-26AA-432B-A97C-5B7EA7AD2687}.Release|Any CPU.ActiveCfg = Release|Any CPU
		{F6416910-26AA-432B-A97C-5B7EA7AD2687}.Release|Any CPU.Build.0 = Release|Any CPU
		{7ECE63DE-719C-4052-96D7-A4E7A4862B5C}.Debug|Any CPU.ActiveCfg = Debug|Any CPU
		{7ECE63DE-719C-4052-96D7-A4E7A4862B5C}.Debug|Any CPU.Build.0 = Debug|Any CPU
		{7ECE63DE-719C-4052-96D7-A4E7A4862B5C}.Release|Any CPU.ActiveCfg = Release|Any CPU
		{7ECE63DE-719C-4052-96D7-A4E7A4862B5C}.Release|Any CPU.Build.0 = Release|Any CPU
		{D19629D8-40CC-4811-93E2-6FD55EDCEC7F}.Debug|Any CPU.ActiveCfg = Debug|Any CPU
		{D19629D8-40CC-4811-93E2-6FD55EDCEC7F}.Debug|Any CPU.Build.0 = Debug|Any CPU
		{D19629D8-40CC-4811-93E2-6FD55EDCEC7F}.Release|Any CPU.ActiveCfg = Release|Any CPU
		{D19629D8-40CC-4811-93E2-6FD55EDCEC7F}.Release|Any CPU.Build.0 = Release|Any CPU
		{548BFA87-7D1A-4EB9-91E1-836B651407C4}.Debug|Any CPU.ActiveCfg = Debug|Any CPU
		{548BFA87-7D1A-4EB9-91E1-836B651407C4}.Debug|Any CPU.Build.0 = Debug|Any CPU
		{548BFA87-7D1A-4EB9-91E1-836B651407C4}.Release|Any CPU.ActiveCfg = Release|Any CPU
		{548BFA87-7D1A-4EB9-91E1-836B651407C4}.Release|Any CPU.Build.0 = Release|Any CPU
		{FFF4EFEC-2F57-4EC0-BC43-96217359CF3A}.Debug|Any CPU.ActiveCfg = Debug|Any CPU
		{FFF4EFEC-2F57-4EC0-BC43-96217359CF3A}.Debug|Any CPU.Build.0 = Debug|Any CPU
		{FFF4EFEC-2F57-4EC0-BC43-96217359CF3A}.Release|Any CPU.ActiveCfg = Release|Any CPU
		{FFF4EFEC-2F57-4EC0-BC43-96217359CF3A}.Release|Any CPU.Build.0 = Release|Any CPU
	EndGlobalSection
	GlobalSection(SolutionProperties) = preSolution
		HideSolutionNode = FALSE
	EndGlobalSection
	GlobalSection(NestedProjects) = preSolution
		{77A6F2F9-7901-4B46-BD41-1859B4A16C60} = {080C93C2-CEF7-4075-885C-DC41F763A987}
		{B3475AD5-C04E-40DE-A26C-606BE5C591BA} = {40309798-3607-4BB4-8F7A-8F7753F5B39F}
		{F6416910-26AA-432B-A97C-5B7EA7AD2687} = {40309798-3607-4BB4-8F7A-8F7753F5B39F}
		{7ECE63DE-719C-4052-96D7-A4E7A4862B5C} = {40309798-3607-4BB4-8F7A-8F7753F5B39F}
		{D19629D8-40CC-4811-93E2-6FD55EDCEC7F} = {AC3F214C-0814-487C-9229-973BF6192434}
		{548BFA87-7D1A-4EB9-91E1-836B651407C4} = {5ED70EDA-47BC-4689-B509-173F290ACE9E}
		{FFF4EFEC-2F57-4EC0-BC43-96217359CF3A} = {C465C493-A6D5-4676-936E-9E37D0234C58}
	EndGlobalSection
	GlobalSection(ExtensibilityGlobals) = postSolution
		SolutionGuid = {B6761280-C8CA-492F-9306-4EEB3FF086B4}
	EndGlobalSection
EndGlobal
